{
  "version": 4,
  "terraform_version": "1.1.9",
  "serial": 44,
  "lineage": "9be5e772-b56e-9831-2494-a3509a85aa95",
  "outputs": {
    "cluster_ca_certificate": {
      "value": "-----BEGIN CERTIFICATE-----\nMIIELDCCApSgAwIBAgIQFwxFlM8UeZnHTzH/v8mAUjANBgkqhkiG9w0BAQsFADAv\nMS0wKwYDVQQDEyQxMjhkMGU0YS1iNDZhLTRmOWItYTE3Ni0wZDFjOTg1ODRjNTAw\nIBcNMjIwNTE1MTk0ODIzWhgPMjA1MjA1MDcyMDQ4MjNaMC8xLTArBgNVBAMTJDEy\nOGQwZTRhLWI0NmEtNGY5Yi1hMTc2LTBkMWM5ODU4NGM1MDCCAaIwDQYJKoZIhvcN\nAQEBBQADggGPADCCAYoCggGBAJQOW+sXbMjq0RXKhm0Zb80DNWkiyOw5Gu4+W521\nIRjsoyIPTxWYxDwRCfK4yzyvnqqdKIXETIyPTpUdseYz1rLaB01zoZkbhDQn+6FQ\nkU4ujucus3bU5NrbUX9DAKnFgoIqGr1aC9S6cgfHUuJBj+JzlXC+aY7U/+y8jPCv\n6CBebD/uIV2icaEcm568Dmn+IrPI79VwhD1cWbVP/5EekcaeuDWGWGqNN+Fc9LRF\nUo6/f4nytUMETtZzsNVp5FNzMk/3D++5/bp/HKs7NRgWGv1FW0niip0vLq1UrZzZ\nuKz7Z8FzNMMGbQwB8oFx16ODfrKIG8K9U9rBJZ6sDwBcG+zC3zFkJYgM5em+NW5x\n/+BQFl7Eeqngl2h2o8bQPjJjrCDKGtfTEJ20V59kZJVbNqgmFaF8loGMRxan/Bsf\nmaYkDvjb6vy1NakWfvJ79PtF3NBmhOrExwtKAW1v+6eN70+la9bfSsvQSUIF73pI\nPrPWWha8y/CjuPhd51d5ipny2wIDAQABo0IwQDAOBgNVHQ8BAf8EBAMCAgQwDwYD\nVR0TAQH/BAUwAwEB/zAdBgNVHQ4EFgQUEWTkwdt4/FUDc5WUIz2QHE5Z8HQwDQYJ\nKoZIhvcNAQELBQADggGBAHQpFkH75rkI+utCuOP7S3LX047ARfUVhuvr7+hsZeFf\nvY42jpFBxyuJn/tAyaunPyBx9pi//iN6OIdQ/NN7xm56jd3BW77+CUnN8ipi7bGP\ntkHEv2zjFojXZ0rN9eZpZhp+IV+3WhLVzIuaqJ+f8+qAr8zsk7lf41FJlxGdJrhz\nVA7geIWgWl2S+xAXJJ1S01/uatGWIE82jDyKXme7FmZDLI+RU6lYGeiNsHuLTGxf\nXnl5oAvj5iMWZwaZ5tm/q+nioVqkv+ijjOF7fvBTLhpHvdqem6xpxCpwk9kUmmfD\nR9T+n6LDSPxyZOCBKYlhukHPCMO+sIayAfMYKIN8K4Vz4fdLxW4ZZMPhRY23OyAV\nP0F+CZn3hpots4UFXyvoJIbWnxmU7GThGWvUVihRNgx8MifS49IFKmGwtRvtGEq0\n1/wjGurkTqRiKGZ9O6tKD0NOjgMWHHlkyL3AKySEwgBN8+XjBUNHWdLNOpR+PJSM\nZO6ojUbH5O83Ac18/2gVUw==\n-----END CERTIFICATE-----\n",
      "type": "string"
    },
    "cluster_id": {
      "value": "projects/stellar-lock-347017/locations/us-central1/clusters/greenfield-gke-cluster",
      "type": "string"
    },
    "cluster_name": {
      "value": "greenfield-gke-cluster",
      "type": "string"
    },
    "endpoint": {
      "value": "34.71.180.142",
      "type": "string"
    },
    "greenfield-vpc": {
      "value": {
        "auto_create_subnetworks": false,
        "delete_default_routes_on_create": false,
        "description": "",
        "gateway_ipv4": "",
        "id": "projects/stellar-lock-347017/global/networks/greenfield-vpc-dev",
        "mtu": 0,
        "name": "greenfield-vpc-dev",
        "project": "stellar-lock-347017",
        "routing_mode": "REGIONAL",
        "self_link": "https://www.googleapis.com/compute/v1/projects/stellar-lock-347017/global/networks/greenfield-vpc-dev",
        "timeouts": null
      },
      "type": [
        "object",
        {
          "auto_create_subnetworks": "bool",
          "delete_default_routes_on_create": "bool",
          "description": "string",
          "gateway_ipv4": "string",
          "id": "string",
          "mtu": "number",
          "name": "string",
          "project": "string",
          "routing_mode": "string",
          "self_link": "string",
          "timeouts": [
            "object",
            {
              "create": "string",
              "delete": "string",
              "update": "string"
            }
          ]
        }
      ]
    },
    "greenfield-vpc_id": {
      "value": "projects/stellar-lock-347017/global/networks/greenfield-vpc-dev",
      "type": "string"
    },
    "greenfield-vpc_name": {
      "value": "greenfield-vpc-dev",
      "type": "string"
    },
    "greenfield-vpc_self_link": {
      "value": "https://www.googleapis.com/compute/v1/projects/stellar-lock-347017/global/networks/greenfield-vpc-dev",
      "type": "string"
    },
    "host": {
      "value": "https://34.71.180.142",
      "type": "string"
    },
    "kube_config": {
      "value": "apiVersion: v1\nclusters:\n- cluster:\n    certificate-authority-data: LS0tLS1CRUdJTiBDRVJUSUZJQ0FURS0tLS0tCk1JSUVMRENDQXBTZ0F3SUJBZ0lRRnd4RmxNOFVlWm5IVHpIL3Y4bUFVakFOQmdrcWhraUc5dzBCQVFzRkFEQXYKTVMwd0t3WURWUVFERXlReE1qaGtNR1UwWVMxaU5EWmhMVFJtT1dJdFlURTNOaTB3WkRGak9UZzFPRFJqTlRBdwpJQmNOTWpJd05URTFNVGswT0RJeldoZ1BNakExTWpBMU1EY3lNRFE0TWpOYU1DOHhMVEFyQmdOVkJBTVRKREV5Ck9HUXdaVFJoTFdJME5tRXROR1k1WWkxaE1UYzJMVEJrTVdNNU9EVTROR00xTURDQ0FhSXdEUVlKS29aSWh2Y04KQVFFQkJRQURnZ0dQQURDQ0FZb0NnZ0dCQUpRT1crc1hiTWpxMFJYS2htMFpiODBETldraXlPdzVHdTQrVzUyMQpJUmpzb3lJUFR4V1l4RHdSQ2ZLNHl6eXZucXFkS0lYRVRJeVBUcFVkc2VZejFyTGFCMDF6b1prYmhEUW4rNkZRCmtVNHVqdWN1czNiVTVOcmJVWDlEQUtuRmdvSXFHcjFhQzlTNmNnZkhVdUpCaitKemxYQythWTdVLyt5OGpQQ3YKNkNCZWJEL3VJVjJpY2FFY201NjhEbW4rSXJQSTc5VndoRDFjV2JWUC81RWVrY2FldURXR1dHcU5OK0ZjOUxSRgpVbzYvZjRueXRVTUVUdFp6c05WcDVGTnpNay8zRCsrNS9icC9IS3M3TlJnV0d2MUZXMG5paXAwdkxxMVVyWnpaCnVLejdaOEZ6Tk1NR2JRd0I4b0Z4MTZPRGZyS0lHOEs5VTlyQkpaNnNEd0JjRyt6QzN6RmtKWWdNNWVtK05XNXgKLytCUUZsN0VlcW5nbDJoMm84YlFQakpqckNES0d0ZlRFSjIwVjU5a1pKVmJOcWdtRmFGOGxvR01SeGFuL0JzZgptYVlrRHZqYjZ2eTFOYWtXZnZKNzlQdEYzTkJtaE9yRXh3dEtBVzF2KzZlTjcwK2xhOWJmU3N2UVNVSUY3M3BJClByUFdXaGE4eS9DanVQaGQ1MWQ1aXBueTJ3SURBUUFCbzBJd1FEQU9CZ05WSFE4QkFmOEVCQU1DQWdRd0R3WUQKVlIwVEFRSC9CQVV3QXdFQi96QWRCZ05WSFE0RUZnUVVFV1Rrd2R0NC9GVURjNVdVSXoyUUhFNVo4SFF3RFFZSgpLb1pJaHZjTkFRRUxCUUFEZ2dHQkFIUXBGa0g3NXJrSSt1dEN1T1A3UzNMWDA0N0FSZlVWaHV2cjcraHNaZUZmCnZZNDJqcEZCeHl1Sm4vdEF5YXVuUHlCeDlwaS8vaU42T0lkUS9OTjd4bTU2amQzQlc3NytDVW5OOGlwaTdiR1AKdGtIRXYyempGb2pYWjByTjllWnBaaHArSVYrM1doTFZ6SXVhcUorZjgrcUFyOHpzazdsZjQxRkpseEdkSnJoegpWQTdnZUlXZ1dsMlMreEFYSkoxUzAxL3VhdEdXSUU4MmpEeUtYbWU3Rm1aRExJK1JVNmxZR2VpTnNIdUxUR3hmClhubDVvQXZqNWlNV1p3YVo1dG0vcStuaW9WcWt2K2lqak9GN2Z2QlRMaHBIdmRxZW02eHB4Q3B3azlrVW1tZkQKUjlUK242TERTUHh5Wk9DQktZbGh1a0hQQ01PK3NJYXlBZk1ZS0lOOEs0Vno0ZmRMeFc0WlpNUGhSWTIzT3lBVgpQMEYrQ1puM2hwb3RzNFVGWHl2b0pJYldueG1VN0dUaEdXdlVWaWhSTmd4OE1pZlM0OUlGS21Hd3RSdnRHRXEwCjEvd2pHdXJrVHFSaUtHWjlPNnRLRDBOT2pnTVdISGxreUwzQUt5U0V3Z0JOOCtYakJVTkhXZExOT3BSK1BKU00KWk82b2pVYkg1TzgzQWMxOC8yZ1ZVdz09Ci0tLS0tRU5EIENFUlRJRklDQVRFLS0tLS0K\n    server: https://34.71.180.142\n  name: greenfield-gke-cluster\ncontexts:\n- context:\n    cluster: greenfield-gke-cluster\n    user: greenfield-gke-cluster\n  name: greenfield-gke-cluster\ncurrent-context: greenfield-gke-cluster\nkind: Config\npreferences: {}\nusers:\n- name: greenfield-gke-cluster\n  user:\n    token: ya29.A0ARrdaM9vN2oMJBuEJg7irQ-fISjQGQzEk_n2HUPk6fD-xU5IgYoEIN3kQeN8r8mdTgc5uriC7-Q_1o7tKVb_zDa8OxKG7cO986e7t-I1wetzQS2hSf6EZ_O2yvWIor7biOkR0O6e_2Br0CCWMJF7OnP-y3zcfA\n",
      "type": "string",
      "sensitive": true
    },
    "token": {
      "value": "ya29.A0ARrdaM9vN2oMJBuEJg7irQ-fISjQGQzEk_n2HUPk6fD-xU5IgYoEIN3kQeN8r8mdTgc5uriC7-Q_1o7tKVb_zDa8OxKG7cO986e7t-I1wetzQS2hSf6EZ_O2yvWIor7biOkR0O6e_2Br0CCWMJF7OnP-y3zcfA",
      "type": "string",
      "sensitive": true
    }
  },
  "resources": [
    {
      "mode": "data",
      "type": "google_client_config",
      "name": "provider",
      "provider": "provider[\"registry.terraform.io/hashicorp/google\"]",
      "instances": [
        {
          "schema_version": 0,
          "attributes": {
            "access_token": "ya29.A0ARrdaM9vN2oMJBuEJg7irQ-fISjQGQzEk_n2HUPk6fD-xU5IgYoEIN3kQeN8r8mdTgc5uriC7-Q_1o7tKVb_zDa8OxKG7cO986e7t-I1wetzQS2hSf6EZ_O2yvWIor7biOkR0O6e_2Br0CCWMJF7OnP-y3zcfA",
            "id": "projects//regions//zones/",
            "project": "",
            "region": "",
            "zone": ""
          },
          "sensitive_attributes": []
        }
      ]
    },
    {
      "mode": "managed",
      "type": "google_compute_network",
      "name": "greenfield-vpc",
      "provider": "provider[\"registry.terraform.io/hashicorp/google\"]",
      "instances": [
        {
          "schema_version": 0,
          "attributes": {
            "auto_create_subnetworks": false,
            "delete_default_routes_on_create": false,
            "description": "",
            "gateway_ipv4": "",
            "id": "projects/stellar-lock-347017/global/networks/greenfield-vpc-dev",
            "mtu": 0,
            "name": "greenfield-vpc-dev",
            "project": "stellar-lock-347017",
            "routing_mode": "REGIONAL",
            "self_link": "https://www.googleapis.com/compute/v1/projects/stellar-lock-347017/global/networks/greenfield-vpc-dev",
            "timeouts": null
          },
          "sensitive_attributes": [],
          "private": "eyJlMmJmYjczMC1lY2FhLTExZTYtOGY4OC0zNDM2M2JjN2M0YzAiOnsiY3JlYXRlIjoxMjAwMDAwMDAwMDAwLCJkZWxldGUiOjEyMDAwMDAwMDAwMDAsInVwZGF0ZSI6MTIwMDAwMDAwMDAwMH19"
        }
      ]
    },
    {
      "mode": "managed",
      "type": "google_compute_subnetwork",
      "name": "greenfield-subnet",
      "provider": "provider[\"registry.terraform.io/hashicorp/google\"]",
      "instances": [
        {
          "schema_version": 0,
          "attributes": {
            "creation_timestamp": "2022-05-15T13:48:01.538-07:00",
            "description": "",
            "external_ipv6_prefix": "",
            "fingerprint": null,
            "gateway_address": "10.10.0.1",
            "id": "projects/stellar-lock-347017/regions/us-central1/subnetworks/greenfield-subnet-public-dev",
            "ip_cidr_range": "10.10.0.0/16",
            "ipv6_access_type": "",
            "ipv6_cidr_range": "",
            "log_config": [],
            "name": "greenfield-subnet-public-dev",
            "network": "https://www.googleapis.com/compute/v1/projects/stellar-lock-347017/global/networks/greenfield-vpc-dev",
            "private_ip_google_access": false,
            "private_ipv6_google_access": "DISABLE_GOOGLE_ACCESS",
            "project": "stellar-lock-347017",
            "purpose": "PRIVATE",
            "region": "us-central1",
            "role": "",
            "secondary_ip_range": [
              {
                "ip_cidr_range": "10.20.0.0/16",
                "range_name": "greenfield-pod"
              },
              {
                "ip_cidr_range": "10.30.0.0/16",
                "range_name": "greenfield-service"
              }
            ],
            "self_link": "https://www.googleapis.com/compute/v1/projects/stellar-lock-347017/regions/us-central1/subnetworks/greenfield-subnet-public-dev",
            "stack_type": "IPV4_ONLY",
            "timeouts": null
          },
          "sensitive_attributes": [],
          "private": "eyJlMmJmYjczMC1lY2FhLTExZTYtOGY4OC0zNDM2M2JjN2M0YzAiOnsiY3JlYXRlIjoxMjAwMDAwMDAwMDAwLCJkZWxldGUiOjEyMDAwMDAwMDAwMDAsInVwZGF0ZSI6MTIwMDAwMDAwMDAwMH19",
          "dependencies": [
            "google_compute_network.greenfield-vpc"
          ]
        }
      ]
    },
    {
      "mode": "managed",
      "type": "google_container_cluster",
      "name": "greenfield-cluster",
      "provider": "provider[\"registry.terraform.io/hashicorp/google\"]",
      "instances": [
        {
          "schema_version": 1,
          "attributes": {
            "addons_config": [
              {
                "cloudrun_config": [],
                "gcp_filestore_csi_driver_config": [],
                "horizontal_pod_autoscaling": [
                  {
                    "disabled": false
                  }
                ],
                "http_load_balancing": [
                  {
                    "disabled": true
                  }
                ],
                "network_policy_config": [
                  {
                    "disabled": true
                  }
                ]
              }
            ],
            "authenticator_groups_config": [],
            "cluster_autoscaling": [
              {
                "auto_provisioning_defaults": [
                  {
                    "image_type": "COS_CONTAINERD",
                    "oauth_scopes": [
                      "https://www.googleapis.com/auth/logging.write",
                      "https://www.googleapis.com/auth/monitoring"
                    ],
                    "service_account": "cluster-serviceaccount@stellar-lock-347017.iam.gserviceaccount.com"
                  }
                ],
                "enabled": true,
                "resource_limits": [
                  {
                    "maximum": 40,
                    "minimum": 3,
                    "resource_type": "cpu"
                  },
                  {
                    "maximum": 100,
                    "minimum": 12,
                    "resource_type": "memory"
                  }
                ]
              }
            ],
            "cluster_ipv4_cidr": "10.132.0.0/14",
            "confidential_nodes": [],
            "database_encryption": [
              {
                "key_name": "",
                "state": "DECRYPTED"
              }
            ],
            "datapath_provider": "",
            "default_max_pods_per_node": 110,
            "default_snat_status": [
              {
                "disabled": false
              }
            ],
            "description": "",
            "dns_config": [],
            "enable_autopilot": false,
            "enable_binary_authorization": false,
            "enable_intranode_visibility": false,
            "enable_kubernetes_alpha": false,
            "enable_legacy_abac": false,
            "enable_shielded_nodes": true,
            "enable_tpu": false,
            "endpoint": "34.71.180.142",
            "id": "projects/stellar-lock-347017/locations/us-central1/clusters/greenfield-gke-cluster",
            "initial_node_count": 1,
            "ip_allocation_policy": [
              {
                "cluster_ipv4_cidr_block": "10.132.0.0/14",
                "cluster_secondary_range_name": "gke-greenfield-gke-cluster-pods-d8d4f126",
                "services_ipv4_cidr_block": "10.136.0.0/20",
                "services_secondary_range_name": "gke-greenfield-gke-cluster-services-d8d4f126"
              }
            ],
            "label_fingerprint": "a9dc16a7",
            "location": "us-central1",
            "logging_config": [
              {
                "enable_components": [
                  "SYSTEM_COMPONENTS",
                  "WORKLOADS"
                ]
              }
            ],
            "logging_service": "logging.googleapis.com/kubernetes",
            "maintenance_policy": [],
            "master_auth": [
              {
                "client_certificate": "LS0tLS1CRUdJTiBDRVJUSUZJQ0FURS0tLS0tCk1JSURvRENDQWdpZ0F3SUJBZ0lRRGJnbzhUVDJ5djNnNys3cStOOHFiVEFOQmdrcWhraUc5dzBCQVFzRkFEQXYKTVMwd0t3WURWUVFERXlReE1qaGtNR1UwWVMxaU5EWmhMVFJtT1dJdFlURTNOaTB3WkRGak9UZzFPRFJqTlRBdwpIaGNOTWpJd05URTFNakEwTmpJMFdoY05NamN3TlRFME1qQTBPREkwV2pBUk1ROHdEUVlEVlFRREV3WmpiR2xsCmJuUXdnZ0VpTUEwR0NTcUdTSWIzRFFFQkFRVUFBNElCRHdBd2dnRUtBb0lCQVFEZmxBZmYxWStsSnhOWDkyelkKK0gwUVFQYmozOWRXM1lFNHdWbEJUM3BIY3E0V0ZyZnZjbmVQUkMrajRMVk9HRFNKdDZRWVR6VTArKzR0d2t4VAprY0NlYWNPZFBNOFlHVS8zK2VuVko2RHdrMWJMcTVxVW1QclRHaUJhZGFWZUFxcjVpM0VGdEl4Qkx1NG45QjVuCnNRR3lwQXgxazd1RnhxNzAvZyt1ckQ1MGpQaEQwbnNkQUtjUEh2Z2xBcnVqNExCOWlKMGlydWsxY25NRWpBOEsKSFJObzhzSTcrTXVETjF0SDVoVzBJV2syaXJqeENaTmFRZnA5cHljSXh1SkMza1pvaVE0OGxGVnBoaE50RmQxLwp3L1dFNWkwemRsYVc1bEx2bjNiK0VhN1hvZDNGWS96UE9JaG43UDQvRXNTWHQvQSthbC9sR1ZtNndJQ2NhckdLCmVmSmpBZ01CQUFHalZqQlVNQTRHQTFVZER3RUIvd1FFQXdJRm9EQVRCZ05WSFNVRUREQUtCZ2dyQmdFRkJRY0QKQWpBTUJnTlZIUk1CQWY4RUFqQUFNQjhHQTFVZEl3UVlNQmFBRkJGazVNSGJlUHhWQTNPVmxDTTlrQnhPV2ZCMApNQTBHQ1NxR1NJYjNEUUVCQ3dVQUE0SUJnUUJvQXRpMVI4bnJMck0yWGphSzlPQ1JxN05uRHo4NGp0Ly9SODZQCjFGVkpzMXFzWTJaQnJMcUFLSDJ4azVJZ2RlRFVRUVVuUFdPN2E0ODFvYks4VGJtMTZVV0N0RWRTOC9Gb1BBMkoKR0pEU3dVTUpEVVFNaitUWEZnTU4wWEFDc0FPVFpCajhEK0pRQ0hLb0xycUMrYTY3VXc4SndFdmtrV25BV01PNwo2ZHVINDlRM0k3Wmduek4waUl6Y2s4NDdwODBCQ3JYdTdYRkMrSHNEQWJjeEZPMllBUjNEV2dnNGc4OUNsM2FXCm5CbzNSQksyYi9IRnkrTmI0b3FnQTdXZkFoMDM2UnU2N3ZEZ3pXWmU0amd0dURZMkxac2xLSkNYMVlVUmVKTWsKb1JHbXFjSkhkMXBPQXVWNUVQQkdubWxxamY4ckFma1FOMWpUQ3c3U3hxdnY2aXVQZklnS05pTGxIc0dsT0ZwcQpDeSsyWXEwUzJIRzB0aHUvU0UzVE5OUUh6ejdLOU9pcXBOUWkzMndiZEkzaW9KdzNXbkd1Z1h2U3o2NDBWRC8rClExOE5MUWtDWmlUTGJ6cktmY3dya0dvY214WjFEb3pkSG85S25hVVlHR2xYQmZHcEV6NVUwV2piRTJhenV5TkMKTmZXT3hPaHM1bGFrajZhNkJvWFg2MEYyY0xjPQotLS0tLUVORCBDRVJUSUZJQ0FURS0tLS0tCg==",
                "client_certificate_config": [
                  {
                    "issue_client_certificate": true
                  }
                ],
                "client_key": "LS0tLS1CRUdJTiBSU0EgUFJJVkFURSBLRVktLS0tLQpNSUlFcFFJQkFBS0NBUUVBMzVRSDM5V1BwU2NUVi9kczJQaDlFRUQyNDkvWFZ0MkJPTUZaUVU5NlIzS3VGaGEzCjczSjNqMFF2bytDMVRoZzBpYmVrR0U4MU5QdnVMY0pNVTVIQW5tbkRuVHpQR0JsUDkvbnAxU2VnOEpOV3k2dWEKbEpqNjB4b2dXbldsWGdLcStZdHhCYlNNUVM3dUovUWVaN0VCc3FRTWRaTzdoY2F1OVA0UHJxdytkSXo0UTlKNwpIUUNuRHg3NEpRSzdvK0N3ZllpZElxN3BOWEp6Qkl3UENoMFRhUExDTy9qTGd6ZGJSK1lWdENGcE5vcTQ4UW1UCldrSDZmYWNuQ01iaVF0NUdhSWtPUEpSVmFZWVRiUlhkZjhQMWhPWXRNM1pXbHVaUzc1OTIvaEd1MTZIZHhXUDgKenppSVoreitQeExFbDdmd1BtcGY1UmxadXNDQW5HcXhpbm55WXdJREFRQUJBb0lCQUF6L1J0cVR5SUhNMGpxTgp2SUJSS0dWai9zRHVMU1MwYnNQVkN2SnUyTjNEYnhjRFRoWmlQS0lScFlWWGdFMWdhZGwzQkFLU2J1RG16bDM1Cm9CbnhsMVYrTWl3aUIxWDZ6cmtoM1o2UndGdUw3UzFIaTJQSHV1Ty93K2E0LzhVd2VZT3FsVnVaWWRmbzVGa04KUDNhVUJkUnBPMUl3ZXVQQzBqNlZjR1dkUjJvd3EwSnRFQlpMRHNObndNd0h4UjNNZVIvalhBYm82cnhQcGNzawpLY3dpMGRUWFowemFycGVqR2pmMElpaGo5Ym9SeElKWWtnZUxTV3VYTzFVYllwSThvTDNJSERQa0MxSENwdklvCnF0NFhrTVZRdzZMeG9SYmlGemp2M0YwdHdvalBMMUVjZG5EQzFEeHE1WitqYlV2L2RZZStydHZpcnBkclg0Z0EKVzNLOTBsMENnWUVBOHRXRk9ra2dPc3FvVlh4UWVId1NuN3N4M05kMkxaaktUaEhRWWRKcHk5d29VbnB6UlI4VgpCVXBFUnBHaktVdkxsODFQL1FXaUNRdEkzbUhaOFkzVTlJanZrRStKV0FWVjNvVkpHQ3JsRW1NZjJpcG81UnVECk8rdnp5QnlwVWVnUWhzemowSUhhRlBmOE0reXB5Z05EZGVIY3llbGFrSllUc1hzZkk5Um5vblVDZ1lFQTY3TSsKZmZDR2dHckdQMUN3ZTZaNHloL2xxeDdqWC9SWG8yT09Qdnk2cnl6dTVDb1QxZHhnZW1nTGFMZXJHQm9zMUpqcgpCMFFFaGtwM2lCM3ZVeXd1YklMTmZZWFF4aVh2T2hTNUY1Mi9aTGFoY3ZCVVY2MnVhR3N0b050STNqbURCTkVTCmdoSjlDU3pJS3gvZGZNQ0JseGlNajAzYXJ5ZVJHRHdsbDQ5TjluY0NnWUVBanFTUVV4R2JoZzEvWGwvYzRUbDQKc3kyQjk4ajFHWW16NUxJZ0p5WXprVldzdGU1S0FlTmxOS3RRZWVlWTRXd3RsdWs2d0ZWcnZrWkxzcDNtS1RkNApUWUNXd0wySDN4V2JRRkFwQkxKRngweEU3S0dXNW1ZSDY4NEpjSll0ZS9pR3BMaDhaZ0d3K2pwRmdyYlZjZDRDCjVaOGNVOXJvb1NBWFIxMGNpSzUvaGZVQ2dZRUE0Z1BUblBpVVFYZ2grbnpwZnVpM1V6c2JCT2h0cUltcHNDZTcKTTNNdG9PVTVmdGxLZy96N0Z1WEdhdmdVdk52OHVUQ1p6ekhPRk9nN2p1OEZtMy8yVkY5cHBVQTRYb25weUl3dQpvUkxIZ1ZBUHFTUUQvTCt6U3JYYjN5L254QkRxTGlnOTB6VGZhWGpqeVZhWkVST1lNTWQ5b2IxS1FrTnl3d2FLCkZiZDVUeWtDZ1lFQTM0S0FyRGFkWncxTlRNVVlVWXJuWjhtdWhYTU1MVjQwTzdFY2ZmSHhEWDFQTnZuUGlxQ0QKSVAzK3g5eEhHZEI0OG5YSnVWZ1dVTlNRbmpLeWJNU0hXYkFTZEE5UDhwMlJUeTcreFI4NlhEc3F6MGt3UEVrVQpxZDJ6bTZXY0xsN3NhUHdSemRCZjVVMnc3eEJNTUNRUFpZa0czN05pUXBZd0p2WVJKZEZyV3drPQotLS0tLUVORCBSU0EgUFJJVkFURSBLRVktLS0tLQo=",
                "cluster_ca_certificate": "LS0tLS1CRUdJTiBDRVJUSUZJQ0FURS0tLS0tCk1JSUVMRENDQXBTZ0F3SUJBZ0lRRnd4RmxNOFVlWm5IVHpIL3Y4bUFVakFOQmdrcWhraUc5dzBCQVFzRkFEQXYKTVMwd0t3WURWUVFERXlReE1qaGtNR1UwWVMxaU5EWmhMVFJtT1dJdFlURTNOaTB3WkRGak9UZzFPRFJqTlRBdwpJQmNOTWpJd05URTFNVGswT0RJeldoZ1BNakExTWpBMU1EY3lNRFE0TWpOYU1DOHhMVEFyQmdOVkJBTVRKREV5Ck9HUXdaVFJoTFdJME5tRXROR1k1WWkxaE1UYzJMVEJrTVdNNU9EVTROR00xTURDQ0FhSXdEUVlKS29aSWh2Y04KQVFFQkJRQURnZ0dQQURDQ0FZb0NnZ0dCQUpRT1crc1hiTWpxMFJYS2htMFpiODBETldraXlPdzVHdTQrVzUyMQpJUmpzb3lJUFR4V1l4RHdSQ2ZLNHl6eXZucXFkS0lYRVRJeVBUcFVkc2VZejFyTGFCMDF6b1prYmhEUW4rNkZRCmtVNHVqdWN1czNiVTVOcmJVWDlEQUtuRmdvSXFHcjFhQzlTNmNnZkhVdUpCaitKemxYQythWTdVLyt5OGpQQ3YKNkNCZWJEL3VJVjJpY2FFY201NjhEbW4rSXJQSTc5VndoRDFjV2JWUC81RWVrY2FldURXR1dHcU5OK0ZjOUxSRgpVbzYvZjRueXRVTUVUdFp6c05WcDVGTnpNay8zRCsrNS9icC9IS3M3TlJnV0d2MUZXMG5paXAwdkxxMVVyWnpaCnVLejdaOEZ6Tk1NR2JRd0I4b0Z4MTZPRGZyS0lHOEs5VTlyQkpaNnNEd0JjRyt6QzN6RmtKWWdNNWVtK05XNXgKLytCUUZsN0VlcW5nbDJoMm84YlFQakpqckNES0d0ZlRFSjIwVjU5a1pKVmJOcWdtRmFGOGxvR01SeGFuL0JzZgptYVlrRHZqYjZ2eTFOYWtXZnZKNzlQdEYzTkJtaE9yRXh3dEtBVzF2KzZlTjcwK2xhOWJmU3N2UVNVSUY3M3BJClByUFdXaGE4eS9DanVQaGQ1MWQ1aXBueTJ3SURBUUFCbzBJd1FEQU9CZ05WSFE4QkFmOEVCQU1DQWdRd0R3WUQKVlIwVEFRSC9CQVV3QXdFQi96QWRCZ05WSFE0RUZnUVVFV1Rrd2R0NC9GVURjNVdVSXoyUUhFNVo4SFF3RFFZSgpLb1pJaHZjTkFRRUxCUUFEZ2dHQkFIUXBGa0g3NXJrSSt1dEN1T1A3UzNMWDA0N0FSZlVWaHV2cjcraHNaZUZmCnZZNDJqcEZCeHl1Sm4vdEF5YXVuUHlCeDlwaS8vaU42T0lkUS9OTjd4bTU2amQzQlc3NytDVW5OOGlwaTdiR1AKdGtIRXYyempGb2pYWjByTjllWnBaaHArSVYrM1doTFZ6SXVhcUorZjgrcUFyOHpzazdsZjQxRkpseEdkSnJoegpWQTdnZUlXZ1dsMlMreEFYSkoxUzAxL3VhdEdXSUU4MmpEeUtYbWU3Rm1aRExJK1JVNmxZR2VpTnNIdUxUR3hmClhubDVvQXZqNWlNV1p3YVo1dG0vcStuaW9WcWt2K2lqak9GN2Z2QlRMaHBIdmRxZW02eHB4Q3B3azlrVW1tZkQKUjlUK242TERTUHh5Wk9DQktZbGh1a0hQQ01PK3NJYXlBZk1ZS0lOOEs0Vno0ZmRMeFc0WlpNUGhSWTIzT3lBVgpQMEYrQ1puM2hwb3RzNFVGWHl2b0pJYldueG1VN0dUaEdXdlVWaWhSTmd4OE1pZlM0OUlGS21Hd3RSdnRHRXEwCjEvd2pHdXJrVHFSaUtHWjlPNnRLRDBOT2pnTVdISGxreUwzQUt5U0V3Z0JOOCtYakJVTkhXZExOT3BSK1BKU00KWk82b2pVYkg1TzgzQWMxOC8yZ1ZVdz09Ci0tLS0tRU5EIENFUlRJRklDQVRFLS0tLS0K"
              }
            ],
            "master_authorized_networks_config": [],
            "master_version": "1.21.10-gke.2000",
            "min_master_version": null,
            "monitoring_config": [
              {
                "enable_components": [
                  "SYSTEM_COMPONENTS"
                ]
              }
            ],
            "monitoring_service": "monitoring.googleapis.com/kubernetes",
            "name": "greenfield-gke-cluster",
            "network": "projects/stellar-lock-347017/global/networks/greenfield-vpc-dev",
            "network_policy": [
              {
                "enabled": false,
                "provider": "PROVIDER_UNSPECIFIED"
              }
            ],
            "networking_mode": "VPC_NATIVE",
            "node_config": [],
            "node_locations": [
              "us-central1-a"
            ],
            "node_pool": [],
            "node_version": "1.21.10-gke.2000",
            "operation": null,
            "private_cluster_config": [],
            "private_ipv6_google_access": "",
            "project": "stellar-lock-347017",
            "release_channel": [
              {
                "channel": "REGULAR"
              }
            ],
            "remove_default_node_pool": true,
            "resource_labels": null,
            "resource_usage_export_config": [],
            "self_link": "https://container.googleapis.com/v1/projects/stellar-lock-347017/locations/us-central1/clusters/greenfield-gke-cluster",
            "services_ipv4_cidr": "10.136.0.0/20",
            "subnetwork": "projects/stellar-lock-347017/regions/us-central1/subnetworks/greenfield-subnet-public-dev",
            "timeouts": null,
            "tpu_ipv4_cidr_block": "",
            "vertical_pod_autoscaling": [],
            "workload_identity_config": [
              {
                "workload_pool": "stellar-lock-347017.svc.id.goog"
              }
            ]
          },
          "sensitive_attributes": [],
          "private": "eyJlMmJmYjczMC1lY2FhLTExZTYtOGY4OC0zNDM2M2JjN2M0YzAiOnsiY3JlYXRlIjoyNDAwMDAwMDAwMDAwLCJkZWxldGUiOjI0MDAwMDAwMDAwMDAsInJlYWQiOjI0MDAwMDAwMDAwMDAsInVwZGF0ZSI6MzYwMDAwMDAwMDAwMH0sInNjaGVtYV92ZXJzaW9uIjoiMSJ9",
          "dependencies": [
            "google_compute_network.greenfield-vpc",
            "google_compute_subnetwork.greenfield-subnet",
            "google_service_account.cluster-serviceaccount-new"
          ]
        }
      ]
    },
    {
      "mode": "managed",
      "type": "google_container_node_pool",
      "name": "greenfield-nodepool",
      "provider": "provider[\"registry.terraform.io/hashicorp/google\"]",
      "instances": [
        {
          "schema_version": 1,
          "attributes": {
            "autoscaling": [
              {
                "max_node_count": 3,
                "min_node_count": 1
              }
            ],
            "cluster": "greenfield-gke-cluster",
            "id": "projects/stellar-lock-347017/locations/us-central1/clusters/greenfield-gke-cluster/nodePools/greenfield-gke-clusternodepool",
            "initial_node_count": 1,
            "instance_group_urls": [
              "https://www.googleapis.com/compute/v1/projects/stellar-lock-347017/zones/us-central1-a/instanceGroupManagers/gke-greenfield-gke-c-greenfield-gke-c-8a19588f-grp"
            ],
            "location": "us-central1",
            "managed_instance_group_urls": [
              "https://www.googleapis.com/compute/v1/projects/stellar-lock-347017/zones/us-central1-a/instanceGroups/gke-greenfield-gke-c-greenfield-gke-c-8a19588f-grp"
            ],
            "management": [
              {
                "auto_repair": true,
                "auto_upgrade": true
              }
            ],
            "max_pods_per_node": 110,
            "name": "greenfield-gke-clusternodepool",
            "name_prefix": "",
            "node_config": [
              {
                "boot_disk_kms_key": "",
                "disk_size_gb": 100,
                "disk_type": "pd-standard",
                "gcfs_config": [],
                "guest_accelerator": [],
                "gvnic": [],
                "image_type": "COS_CONTAINERD",
                "labels": {},
                "local_ssd_count": 0,
                "machine_type": "n1-standard-1",
                "metadata": {
                  "disable-legacy-endpoints": "true"
                },
                "min_cpu_platform": "",
                "node_group": "",
                "oauth_scopes": [
                  "https://www.googleapis.com/auth/cloud-platform"
                ],
                "preemptible": true,
                "service_account": "cluster-serviceaccount@stellar-lock-347017.iam.gserviceaccount.com",
                "shielded_instance_config": [
                  {
                    "enable_integrity_monitoring": true,
                    "enable_secure_boot": false
                  }
                ],
                "tags": null,
                "taint": [],
                "workload_metadata_config": [
                  {
                    "mode": "GKE_METADATA"
                  }
                ]
              }
            ],
            "node_count": 1,
            "node_locations": [
              "us-central1-a"
            ],
            "operation": null,
            "project": "stellar-lock-347017",
            "timeouts": null,
            "upgrade_settings": [
              {
                "max_surge": 1,
                "max_unavailable": 0
              }
            ],
            "version": "1.21.10-gke.2000"
          },
          "sensitive_attributes": [],
          "private": "eyJlMmJmYjczMC1lY2FhLTExZTYtOGY4OC0zNDM2M2JjN2M0YzAiOnsiY3JlYXRlIjoxODAwMDAwMDAwMDAwLCJkZWxldGUiOjE4MDAwMDAwMDAwMDAsInVwZGF0ZSI6MTgwMDAwMDAwMDAwMH0sInNjaGVtYV92ZXJzaW9uIjoiMSJ9",
          "dependencies": [
            "google_compute_network.greenfield-vpc",
            "google_compute_subnetwork.greenfield-subnet",
            "google_container_cluster.greenfield-cluster",
            "google_service_account.cluster-serviceaccount-new"
          ]
        }
      ]
    },
    {
      "mode": "managed",
      "type": "google_project_service",
      "name": "compute",
      "provider": "provider[\"registry.terraform.io/hashicorp/google\"]",
      "instances": [
        {
          "schema_version": 0,
          "attributes": {
            "disable_dependent_services": null,
            "disable_on_destroy": true,
            "id": "stellar-lock-347017/compute.googleapis.com",
            "project": "stellar-lock-347017",
            "service": "compute.googleapis.com",
            "timeouts": null
          },
          "sensitive_attributes": [],
          "private": "eyJlMmJmYjczMC1lY2FhLTExZTYtOGY4OC0zNDM2M2JjN2M0YzAiOnsiY3JlYXRlIjoxMjAwMDAwMDAwMDAwLCJkZWxldGUiOjEyMDAwMDAwMDAwMDAsInJlYWQiOjYwMDAwMDAwMDAwMCwidXBkYXRlIjoxMjAwMDAwMDAwMDAwfX0="
        }
      ]
    },
    {
      "mode": "managed",
      "type": "google_project_service",
      "name": "container",
      "provider": "provider[\"registry.terraform.io/hashicorp/google\"]",
      "instances": [
        {
          "schema_version": 0,
          "attributes": {
            "disable_dependent_services": null,
            "disable_on_destroy": true,
            "id": "stellar-lock-347017/container.googleapis.com",
            "project": "stellar-lock-347017",
            "service": "container.googleapis.com",
            "timeouts": null
          },
          "sensitive_attributes": [],
          "private": "eyJlMmJmYjczMC1lY2FhLTExZTYtOGY4OC0zNDM2M2JjN2M0YzAiOnsiY3JlYXRlIjoxMjAwMDAwMDAwMDAwLCJkZWxldGUiOjEyMDAwMDAwMDAwMDAsInJlYWQiOjYwMDAwMDAwMDAwMCwidXBkYXRlIjoxMjAwMDAwMDAwMDAwfX0="
        }
      ]
    },
    {
      "mode": "managed",
      "type": "google_service_account",
      "name": "cluster-serviceaccount-new",
      "provider": "provider[\"registry.terraform.io/hashicorp/google\"]",
      "instances": [
        {
          "schema_version": 0,
          "attributes": {
            "account_id": "cluster-serviceaccount",
            "description": "",
            "disabled": false,
            "display_name": "Service Account For Terraform To Make GKE Cluster",
            "email": "cluster-serviceaccount@stellar-lock-347017.iam.gserviceaccount.com",
            "id": "projects/stellar-lock-347017/serviceAccounts/cluster-serviceaccount@stellar-lock-347017.iam.gserviceaccount.com",
            "name": "projects/stellar-lock-347017/serviceAccounts/cluster-serviceaccount@stellar-lock-347017.iam.gserviceaccount.com",
            "project": "stellar-lock-347017",
            "timeouts": null,
            "unique_id": "111448876030037227355"
          },
          "sensitive_attributes": [],
          "private": "eyJlMmJmYjczMC1lY2FhLTExZTYtOGY4OC0zNDM2M2JjN2M0YzAiOnsiY3JlYXRlIjozMDAwMDAwMDAwMDB9fQ=="
        }
      ]
    }
  ]
}
